
Microsoft Visual Studio Solution File, Format Version 12.00
Project("{FAE04EC0-301F-11D3-BF4B-00C04F79EFBC}") = "AlbBlogger1", "AlbBlogger1.csproj", "{8B0A7D6B-F9A7-44BB-96AB-46FE9C2BBB34}"
EndProject
Global
	GlobalSection(SolutionConfigurationPlatforms) = preSolution
		Debug|Any CPU = Debug|Any CPU
		Release|Any CPU = Release|Any CPU
	EndGlobalSection
	GlobalSection(ProjectConfigurationPlatforms) = postSolution
		{8B0A7D6B-F9A7-44BB-96AB-46FE9C2BBB34}.Debug|Any CPU.ActiveCfg = Debug|Any CPU
		{8B0A7D6B-F9A7-44BB-96AB-46FE9C2BBB34}.Debug|Any CPU.Build.0 = Debug|Any CPU
		{8B0A7D6B-F9A7-44BB-96AB-46FE9C2BBB34}.Release|Any CPU.ActiveCfg = Release|Any CPU
		{8B0A7D6B-F9A7-44BB-96AB-46FE9C2BBB34}.Release|Any CPU.Build.0 = Release|Any CPU
	EndGlobalSection
EndGlobal
